PODS:
  - Firebase/Auth (4.0.2):
    - Firebase/Core
    - FirebaseAuth (= 4.0.0)
  - Firebase/Core (4.0.2):
    - FirebaseAnalytics (= 4.0.1)
    - FirebaseCore (= 4.0.2)
  - FirebaseAnalytics (4.0.1):
    - FirebaseCore (~> 4.0)
    - FirebaseInstanceID (~> 2.0)
    - GoogleToolboxForMac/NSData+zlib (~> 2.1)
  - FirebaseAuth (4.0.0):
    - FirebaseAnalytics (~> 4.0)
    - GoogleToolboxForMac/NSDictionary+URLArguments (~> 2.1)
    - GTMSessionFetcher/Core (~> 1.1)
  - FirebaseCore (4.0.2):
    - GoogleToolboxForMac/NSData+zlib (~> 2.1)
  - FirebaseInstanceID (2.0.0):
    - FirebaseCore (~> 4.0)
  - GoogleToolboxForMac/DebugUtils (2.1.1):
    - GoogleToolboxForMac/Defines (= 2.1.1)
  - GoogleToolboxForMac/Defines (2.1.1)
  - GoogleToolboxForMac/NSData+zlib (2.1.1):
    - GoogleToolboxForMac/Defines (= 2.1.1)
  - GoogleToolboxForMac/NSDictionary+URLArguments (2.1.1):
    - GoogleToolboxForMac/DebugUtils (= 2.1.1)
    - GoogleToolboxForMac/Defines (= 2.1.1)
    - GoogleToolboxForMac/NSString+URLArguments (= 2.1.1)
  - GoogleToolboxForMac/NSString+URLArguments (2.1.1)
  - GTMSessionFetcher/Core (1.1.10)
  - React/ART (0.45.1):
    - React/Core
  - React/BatchedBridge (0.45.1):
    - React/Core
    - React/cxxreact_legacy
  - React/Core (0.45.1):
    - Yoga (= 0.45.1.React)
  - React/cxxreact_legacy (0.45.1):
    - React/jschelpers_legacy
  - React/DevSupport (0.45.1):
    - React/Core
    - React/RCTWebSocket
  - React/jschelpers_legacy (0.45.1)
  - React/RCTActionSheet (0.45.1):
    - React/Core
  - React/RCTAnimation (0.45.1):
    - React/Core
  - React/RCTCameraRoll (0.45.1):
    - React/Core
    - React/RCTImage
  - React/RCTGeolocation (0.45.1):
    - React/Core
  - React/RCTImage (0.45.1):
    - React/Core
    - React/RCTNetwork
  - React/RCTNetwork (0.45.1):
    - React/Core
  - React/RCTText (0.45.1):
    - React/Core
  - React/RCTVibration (0.45.1):
    - React/Core
  - React/RCTWebSocket (0.45.1):
    - React/Core
  - RNFirebase (2.0.0)
  - Yoga (0.45.1.React)

DEPENDENCIES:
  - Firebase/Auth
  - Firebase/Core
  - React/ART (from `../node_modules/react-native`)
  - React/BatchedBridge (from `../node_modules/react-native`)
  - React/Core (from `../node_modules/react-native`)
  - React/DevSupport (from `../node_modules/react-native`)
  - React/RCTActionSheet (from `../node_modules/react-native`)
  - React/RCTAnimation (from `../node_modules/react-native`)
  - React/RCTCameraRoll (from `../node_modules/react-native`)
  - React/RCTGeolocation (from `../node_modules/react-native`)
  - React/RCTImage (from `../node_modules/react-native`)
  - React/RCTNetwork (from `../node_modules/react-native`)
  - React/RCTText (from `../node_modules/react-native`)
  - React/RCTVibration (from `../node_modules/react-native`)
  - React/RCTWebSocket (from `../node_modules/react-native`)
  - RNFirebase (from `../node_modules/react-native-firebase`)
  - Yoga (from `../node_modules/react-native/ReactCommon/yoga`)

EXTERNAL SOURCES:
  React:
    :path: ../node_modules/react-native
  RNFirebase:
    :path: ../node_modules/react-native-firebase
  Yoga:
    :path: ../node_modules/react-native/ReactCommon/yoga

SPEC CHECKSUMS:
  Firebase: c7ad0731eab26d18a3fc547dd048b0f7cd9c63ae
  FirebaseAnalytics: 4d7040fefc3cd8b291cde35f12cf063d7963f15d
  FirebaseAuth: ebb6abcbabae00fc47446d690c19ce68d8484fde
  FirebaseCore: 1a8bf6c795ad07d2918278657954ffd2552e9c17
  FirebaseInstanceID: 9fbf536668f4d3f0880e7438456dabd1376e294b
  GoogleToolboxForMac: 8e329f1b599f2512c6b10676d45736bcc2cbbeb0
  GTMSessionFetcher: 30d874b96d0d76028f61fbd122801e3f030d47db
  React: 0c9191a8b0c843d7004f950ac6b5f6cba9d125c7
  RNFirebase: dcc4dcb1c9400a9bc01866e50d1351272a7df311
  Yoga: 89c8738d42a0b46a113acb4e574336d61cba2985

PODFILE CHECKSUM: fd4a059f636603d7dfb57f9fc20931f1278735e1

COCOAPODS: 1.2.1
